
Microsoft Visual Studio Solution File, Format Version 12.00
# Visual Studio 15
VisualStudioVersion = 15.0.26403.7
MinimumVisualStudioVersion = 10.0.40219.1
Project("{FAE04EC0-301F-11D3-BF4B-00C04F79EFBC}") = "FitOutApplication", "FitOutApplication\FitOutApplication\FitOutApplication.csproj", "{DA981F71-2F4C-4AA9-98D0-DBC9BA2F36DD}"
EndProject
Project("{FAE04EC0-301F-11D3-BF4B-00C04F79EFBC}") = "FitOutApplication.Android", "FitOutApplication\FitOutApplication.Android\FitOutApplication.Android.csproj", "{207968E5-9BE9-4FEB-8892-A7637112DA9D}"
EndProject
Project("{FAE04EC0-301F-11D3-BF4B-00C04F79EFBC}") = "FitOutApplication.iOS", "FitOutApplication\FitOutApplication.iOS\FitOutApplication.iOS.csproj", "{E9C0B0D2-B897-4EC8-929C-6E10E4CE039E}"
EndProject
Project("{FAE04EC0-301F-11D3-BF4B-00C04F79EFBC}") = "FitOutApplication.UWP", "FitOutApplication\FitOutApplication.UWP\FitOutApplication.UWP.csproj", "{50A41938-C33B-437F-AA74-85AF357E2D5F}"
EndProject
Global
	GlobalSection(SolutionConfigurationPlatforms) = preSolution
		Debug|Any CPU = Debug|Any CPU
		Debug|ARM = Debug|ARM
		Debug|iPhone = Debug|iPhone
		Debug|iPhoneSimulator = Debug|iPhoneSimulator
		Debug|x64 = Debug|x64
		Debug|x86 = Debug|x86
		Release|Any CPU = Release|Any CPU
		Release|ARM = Release|ARM
		Release|iPhone = Release|iPhone
		Release|iPhoneSimulator = Release|iPhoneSimulator
		Release|x64 = Release|x64
		Release|x86 = Release|x86
	EndGlobalSection
	GlobalSection(ProjectConfigurationPlatforms) = postSolution
		{DA981F71-2F4C-4AA9-98D0-DBC9BA2F36DD}.Debug|Any CPU.ActiveCfg = Debug|Any CPU
		{DA981F71-2F4C-4AA9-98D0-DBC9BA2F36DD}.Debug|Any CPU.Build.0 = Debug|Any CPU
		{DA981F71-2F4C-4AA9-98D0-DBC9BA2F36DD}.Debug|ARM.ActiveCfg = Debug|Any CPU
		{DA981F71-2F4C-4AA9-98D0-DBC9BA2F36DD}.Debug|ARM.Build.0 = Debug|Any CPU
		{DA981F71-2F4C-4AA9-98D0-DBC9BA2F36DD}.Debug|iPhone.ActiveCfg = Debug|Any CPU
		{DA981F71-2F4C-4AA9-98D0-DBC9BA2F36DD}.Debug|iPhone.Build.0 = Debug|Any CPU
		{DA981F71-2F4C-4AA9-98D0-DBC9BA2F36DD}.Debug|iPhoneSimulator.ActiveCfg = Debug|Any CPU
		{DA981F71-2F4C-4AA9-98D0-DBC9BA2F36DD}.Debug|iPhoneSimulator.Build.0 = Debug|Any CPU
		{DA981F71-2F4C-4AA9-98D0-DBC9BA2F36DD}.Debug|x64.ActiveCfg = Debug|Any CPU
		{DA981F71-2F4C-4AA9-98D0-DBC9BA2F36DD}.Debug|x64.Build.0 = Debug|Any CPU
		{DA981F71-2F4C-4AA9-98D0-DBC9BA2F36DD}.Debug|x86.ActiveCfg = Debug|Any CPU
		{DA981F71-2F4C-4AA9-98D0-DBC9BA2F36DD}.Debug|x86.Build.0 = Debug|Any CPU
		{DA981F71-2F4C-4AA9-98D0-DBC9BA2F36DD}.Release|Any CPU.ActiveCfg = Release|Any CPU
		{DA981F71-2F4C-4AA9-98D0-DBC9BA2F36DD}.Release|Any CPU.Build.0 = Release|Any CPU
		{DA981F71-2F4C-4AA9-98D0-DBC9BA2F36DD}.Release|ARM.ActiveCfg = Release|Any CPU
		{DA981F71-2F4C-4AA9-98D0-DBC9BA2F36DD}.Release|ARM.Build.0 = Release|Any CPU
		{DA981F71-2F4C-4AA9-98D0-DBC9BA2F36DD}.Release|iPhone.ActiveCfg = Release|Any CPU
		{DA981F71-2F4C-4AA9-98D0-DBC9BA2F36DD}.Release|iPhone.Build.0 = Release|Any CPU
		{DA981F71-2F4C-4AA9-98D0-DBC9BA2F36DD}.Release|iPhoneSimulator.ActiveCfg = Release|Any CPU
		{DA981F71-2F4C-4AA9-98D0-DBC9BA2F36DD}.Release|iPhoneSimulator.Build.0 = Release|Any CPU
		{DA981F71-2F4C-4AA9-98D0-DBC9BA2F36DD}.Release|x64.ActiveCfg = Release|Any CPU
		{DA981F71-2F4C-4AA9-98D0-DBC9BA2F36DD}.Release|x64.Build.0 = Release|Any CPU
		{DA981F71-2F4C-4AA9-98D0-DBC9BA2F36DD}.Release|x86.ActiveCfg = Release|Any CPU
		{DA981F71-2F4C-4AA9-98D0-DBC9BA2F36DD}.Release|x86.Build.0 = Release|Any CPU
		{207968E5-9BE9-4FEB-8892-A7637112DA9D}.Debug|Any CPU.ActiveCfg = Debug|Any CPU
		{207968E5-9BE9-4FEB-8892-A7637112DA9D}.Debug|Any CPU.Build.0 = Debug|Any CPU
		{207968E5-9BE9-4FEB-8892-A7637112DA9D}.Debug|Any CPU.Deploy.0 = Debug|Any CPU
		{207968E5-9BE9-4FEB-8892-A7637112DA9D}.Debug|ARM.ActiveCfg = Debug|Any CPU
		{207968E5-9BE9-4FEB-8892-A7637112DA9D}.Debug|ARM.Build.0 = Debug|Any CPU
		{207968E5-9BE9-4FEB-8892-A7637112DA9D}.Debug|ARM.Deploy.0 = Debug|Any CPU
		{207968E5-9BE9-4FEB-8892-A7637112DA9D}.Debug|iPhone.ActiveCfg = Debug|Any CPU
		{207968E5-9BE9-4FEB-8892-A7637112DA9D}.Debug|iPhone.Build.0 = Debug|Any CPU
		{207968E5-9BE9-4FEB-8892-A7637112DA9D}.Debug|iPhone.Deploy.0 = Debug|Any CPU
		{207968E5-9BE9-4FEB-8892-A7637112DA9D}.Debug|iPhoneSimulator.ActiveCfg = Debug|Any CPU
		{207968E5-9BE9-4FEB-8892-A7637112DA9D}.Debug|iPhoneSimulator.Build.0 = Debug|Any CPU
		{207968E5-9BE9-4FEB-8892-A7637112DA9D}.Debug|iPhoneSimulator.Deploy.0 = Debug|Any CPU
		{207968E5-9BE9-4FEB-8892-A7637112DA9D}.Debug|x64.ActiveCfg = Debug|Any CPU
		{207968E5-9BE9-4FEB-8892-A7637112DA9D}.Debug|x64.Build.0 = Debug|Any CPU
		{207968E5-9BE9-4FEB-8892-A7637112DA9D}.Debug|x64.Deploy.0 = Debug|Any CPU
		{207968E5-9BE9-4FEB-8892-A7637112DA9D}.Debug|x86.ActiveCfg = Debug|Any CPU
		{207968E5-9BE9-4FEB-8892-A7637112DA9D}.Debug|x86.Build.0 = Debug|Any CPU
		{207968E5-9BE9-4FEB-8892-A7637112DA9D}.Debug|x86.Deploy.0 = Debug|Any CPU
		{207968E5-9BE9-4FEB-8892-A7637112DA9D}.Release|Any CPU.ActiveCfg = Release|Any CPU
		{207968E5-9BE9-4FEB-8892-A7637112DA9D}.Release|Any CPU.Build.0 = Release|Any CPU
		{207968E5-9BE9-4FEB-8892-A7637112DA9D}.Release|Any CPU.Deploy.0 = Release|Any CPU
		{207968E5-9BE9-4FEB-8892-A7637112DA9D}.Release|ARM.ActiveCfg = Release|Any CPU
		{207968E5-9BE9-4FEB-8892-A7637112DA9D}.Release|ARM.Build.0 = Release|Any CPU
		{207968E5-9BE9-4FEB-8892-A7637112DA9D}.Release|ARM.Deploy.0 = Release|Any CPU
		{207968E5-9BE9-4FEB-8892-A7637112DA9D}.Release|iPhone.ActiveCfg = Release|Any CPU
		{207968E5-9BE9-4FEB-8892-A7637112DA9D}.Release|iPhone.Build.0 = Release|Any CPU
		{207968E5-9BE9-4FEB-8892-A7637112DA9D}.Release|iPhone.Deploy.0 = Release|Any CPU
		{207968E5-9BE9-4FEB-8892-A7637112DA9D}.Release|iPhoneSimulator.ActiveCfg = Release|Any CPU
		{207968E5-9BE9-4FEB-8892-A7637112DA9D}.Release|iPhoneSimulator.Build.0 = Release|Any CPU
		{207968E5-9BE9-4FEB-8892-A7637112DA9D}.Release|iPhoneSimulator.Deploy.0 = Release|Any CPU
		{207968E5-9BE9-4FEB-8892-A7637112DA9D}.Release|x64.ActiveCfg = Release|Any CPU
		{207968E5-9BE9-4FEB-8892-A7637112DA9D}.Release|x64.Build.0 = Release|Any CPU
		{207968E5-9BE9-4FEB-8892-A7637112DA9D}.Release|x64.Deploy.0 = Release|Any CPU
		{207968E5-9BE9-4FEB-8892-A7637112DA9D}.Release|x86.ActiveCfg = Release|Any CPU
		{207968E5-9BE9-4FEB-8892-A7637112DA9D}.Release|x86.Build.0 = Release|Any CPU
		{207968E5-9BE9-4FEB-8892-A7637112DA9D}.Release|x86.Deploy.0 = Release|Any CPU
		{E9C0B0D2-B897-4EC8-929C-6E10E4CE039E}.Debug|Any CPU.ActiveCfg = Debug|iPhone
		{E9C0B0D2-B897-4EC8-929C-6E10E4CE039E}.Debug|ARM.ActiveCfg = Debug|iPhone
		{E9C0B0D2-B897-4EC8-929C-6E10E4CE039E}.Debug|iPhone.ActiveCfg = Debug|iPhone
		{E9C0B0D2-B897-4EC8-929C-6E10E4CE039E}.Debug|iPhone.Build.0 = Debug|iPhone
		{E9C0B0D2-B897-4EC8-929C-6E10E4CE039E}.Debug|iPhoneSimulator.ActiveCfg = Debug|iPhoneSimulator
		{E9C0B0D2-B897-4EC8-929C-6E10E4CE039E}.Debug|iPhoneSimulator.Build.0 = Debug|iPhoneSimulator
		{E9C0B0D2-B897-4EC8-929C-6E10E4CE039E}.Debug|x64.ActiveCfg = Debug|iPhone
		{E9C0B0D2-B897-4EC8-929C-6E10E4CE039E}.Debug|x86.ActiveCfg = Debug|iPhone
		{E9C0B0D2-B897-4EC8-929C-6E10E4CE039E}.Release|Any CPU.ActiveCfg = Release|iPhone
		{E9C0B0D2-B897-4EC8-929C-6E10E4CE039E}.Release|ARM.ActiveCfg = Release|iPhone
		{E9C0B0D2-B897-4EC8-929C-6E10E4CE039E}.Release|iPhone.ActiveCfg = Release|iPhone
		{E9C0B0D2-B897-4EC8-929C-6E10E4CE039E}.Release|iPhone.Build.0 = Release|iPhone
		{E9C0B0D2-B897-4EC8-929C-6E10E4CE039E}.Release|iPhoneSimulator.ActiveCfg = Release|iPhoneSimulator
		{E9C0B0D2-B897-4EC8-929C-6E10E4CE039E}.Release|iPhoneSimulator.Build.0 = Release|iPhoneSimulator
		{E9C0B0D2-B897-4EC8-929C-6E10E4CE039E}.Release|x64.ActiveCfg = Release|iPhone
		{E9C0B0D2-B897-4EC8-929C-6E10E4CE039E}.Release|x86.ActiveCfg = Release|iPhone
		{50A41938-C33B-437F-AA74-85AF357E2D5F}.Debug|Any CPU.ActiveCfg = Debug|x86
		{50A41938-C33B-437F-AA74-85AF357E2D5F}.Debug|ARM.ActiveCfg = Debug|ARM
		{50A41938-C33B-437F-AA74-85AF357E2D5F}.Debug|ARM.Build.0 = Debug|ARM
		{50A41938-C33B-437F-AA74-85AF357E2D5F}.Debug|ARM.Deploy.0 = Debug|ARM
		{50A41938-C33B-437F-AA74-85AF357E2D5F}.Debug|iPhone.ActiveCfg = Debug|x86
		{50A41938-C33B-437F-AA74-85AF357E2D5F}.Debug|iPhoneSimulator.ActiveCfg = Debug|x86
		{50A41938-C33B-437F-AA74-85AF357E2D5F}.Debug|x64.ActiveCfg = Debug|x64
		{50A41938-C33B-437F-AA74-85AF357E2D5F}.Debug|x64.Build.0 = Debug|x64
		{50A41938-C33B-437F-AA74-85AF357E2D5F}.Debug|x64.Deploy.0 = Debug|x64
		{50A41938-C33B-437F-AA74-85AF357E2D5F}.Debug|x86.ActiveCfg = Debug|x86
		{50A41938-C33B-437F-AA74-85AF357E2D5F}.Debug|x86.Build.0 = Debug|x86
		{50A41938-C33B-437F-AA74-85AF357E2D5F}.Debug|x86.Deploy.0 = Debug|x86
		{50A41938-C33B-437F-AA74-85AF357E2D5F}.Release|Any CPU.ActiveCfg = Release|x86
		{50A41938-C33B-437F-AA74-85AF357E2D5F}.Release|ARM.ActiveCfg = Release|ARM
		{50A41938-C33B-437F-AA74-85AF357E2D5F}.Release|ARM.Build.0 = Release|ARM
		{50A41938-C33B-437F-AA74-85AF357E2D5F}.Release|ARM.Deploy.0 = Release|ARM
		{50A41938-C33B-437F-AA74-85AF357E2D5F}.Release|iPhone.ActiveCfg = Release|x86
		{50A41938-C33B-437F-AA74-85AF357E2D5F}.Release|iPhoneSimulator.ActiveCfg = Release|x86
		{50A41938-C33B-437F-AA74-85AF357E2D5F}.Release|x64.ActiveCfg = Release|x64
		{50A41938-C33B-437F-AA74-85AF357E2D5F}.Release|x64.Build.0 = Release|x64
		{50A41938-C33B-437F-AA74-85AF357E2D5F}.Release|x64.Deploy.0 = Release|x64
		{50A41938-C33B-437F-AA74-85AF357E2D5F}.Release|x86.ActiveCfg = Release|x86
		{50A41938-C33B-437F-AA74-85AF357E2D5F}.Release|x86.Build.0 = Release|x86
		{50A41938-C33B-437F-AA74-85AF357E2D5F}.Release|x86.Deploy.0 = Release|x86
	EndGlobalSection
	GlobalSection(SolutionProperties) = preSolution
		HideSolutionNode = FALSE
	EndGlobalSection
EndGlobal
